// !$*UTF8*$!
{
	archiveVersion = 1;
	classes = {
	};
	objectVersion = 52;
	objects = {

/* Begin PBXBuildFile section */
		323BB0E5256DBFA20047EC08 /* HomeView.swift in Sources */ = {isa = PBXBuildFile; fileRef = 323BB0E4256DBFA20047EC08 /* HomeView.swift */; };
		32C83269256D6857001E8492 /* UserConnexionApp.swift in Sources */ = {isa = PBXBuildFile; fileRef = 32C83268256D6857001E8492 /* UserConnexionApp.swift */; };
		32C8326B256D6857001E8492 /* ContentView.swift in Sources */ = {isa = PBXBuildFile; fileRef = 32C8326A256D6857001E8492 /* ContentView.swift */; };
		32C8326D256D6859001E8492 /* Assets.xcassets in Resources */ = {isa = PBXBuildFile; fileRef = 32C8326C256D6859001E8492 /* Assets.xcassets */; };
		32C83270256D6859001E8492 /* Preview Assets.xcassets in Resources */ = {isa = PBXBuildFile; fileRef = 32C8326F256D6859001E8492 /* Preview Assets.xcassets */; };
		32C8327A256D76AD001E8492 /* FirebaseAuth in Frameworks */ = {isa = PBXBuildFile; productRef = 32C83279256D76AD001E8492 /* FirebaseAuth */; };
		32C8327C256D76AD001E8492 /* FirebaseAnalytics in Frameworks */ = {isa = PBXBuildFile; productRef = 32C8327B256D76AD001E8492 /* FirebaseAnalytics */; };
		32C8327E256D76AD001E8492 /* FirebaseDatabase in Frameworks */ = {isa = PBXBuildFile; productRef = 32C8327D256D76AD001E8492 /* FirebaseDatabase */; };
		32C83282256D789D001E8492 /* GoogleService-Info.plist in Resources */ = {isa = PBXBuildFile; fileRef = 32C83281256D789D001E8492 /* GoogleService-Info.plist */; };
		32C83285256D7F63001E8492 /* EmailSignIn.swift in Sources */ = {isa = PBXBuildFile; fileRef = 32C83284256D7F63001E8492 /* EmailSignIn.swift */; };
		32C83288256D8860001E8492 /* EmailSignUp.swift in Sources */ = {isa = PBXBuildFile; fileRef = 32C83287256D8860001E8492 /* EmailSignUp.swift */; };
/* End PBXBuildFile section */

/* Begin PBXFileReference section */
		323BB0E4256DBFA20047EC08 /* HomeView.swift */ = {isa = PBXFileReference; lastKnownFileType = sourcecode.swift; path = HomeView.swift; sourceTree = "<group>"; };
		32C83265256D6857001E8492 /* UserConnexion.app */ = {isa = PBXFileReference; explicitFileType = wrapper.application; includeInIndex = 0; path = UserConnexion.app; sourceTree = BUILT_PRODUCTS_DIR; };
		32C83268256D6857001E8492 /* UserConnexionApp.swift */ = {isa = PBXFileReference; lastKnownFileType = sourcecode.swift; path = UserConnexionApp.swift; sourceTree = "<group>"; };
		32C8326A256D6857001E8492 /* ContentView.swift */ = {isa = PBXFileReference; lastKnownFileType = sourcecode.swift; path = ContentView.swift; sourceTree = "<group>"; };
		32C8326C256D6859001E8492 /* Assets.xcassets */ = {isa = PBXFileReference; lastKnownFileType = folder.assetcatalog; path = Assets.xcassets; sourceTree = "<group>"; };
		32C8326F256D6859001E8492 /* Preview Assets.xcassets */ = {isa = PBXFileReference; lastKnownFileType = folder.assetcatalog; path = "Preview Assets.xcassets"; sourceTree = "<group>"; };
		32C83271256D6859001E8492 /* Info.plist */ = {isa = PBXFileReference; lastKnownFileType = text.plist.xml; path = Info.plist; sourceTree = "<group>"; };
		32C83281256D789D001E8492 /* GoogleService-Info.plist */ = {isa = PBXFileReference; fileEncoding = 4; lastKnownFileType = text.plist.xml; path = "GoogleService-Info.plist"; sourceTree = "<group>"; };
		32C83284256D7F63001E8492 /* EmailSignIn.swift */ = {isa = PBXFileReference; lastKnownFileType = sourcecode.swift; path = EmailSignIn.swift; sourceTree = "<group>"; };
		32C83287256D8860001E8492 /* EmailSignUp.swift */ = {isa = PBXFileReference; lastKnownFileType = sourcecode.swift; path = EmailSignUp.swift; sourceTree = "<group>"; };
/* End PBXFileReference section */

/* Begin PBXFrameworksBuildPhase section */
		32C83262256D6857001E8492 /* Frameworks */ = {
			isa = PBXFrameworksBuildPhase;
			buildActionMask = 2147483647;
			files = (
				32C8327E256D76AD001E8492 /* FirebaseDatabase in Frameworks */,
				32C8327C256D76AD001E8492 /* FirebaseAnalytics in Frameworks */,
				32C8327A256D76AD001E8492 /* FirebaseAuth in Frameworks */,
			);
			runOnlyForDeploymentPostprocessing = 0;
		};
/* End PBXFrameworksBuildPhase section */

/* Begin PBXGroup section */
		32C8325C256D6857001E8492 = {
			isa = PBXGroup;
			children = (
				32C83267256D6857001E8492 /* UserConnexion */,
				32C83266256D6857001E8492 /* Products */,
			);
			sourceTree = "<group>";
		};
		32C83266256D6857001E8492 /* Products */ = {
			isa = PBXGroup;
			children = (
				32C83265256D6857001E8492 /* UserConnexion.app */,
			);
			name = Products;
			sourceTree = "<group>";
		};
		32C83267256D6857001E8492 /* UserConnexion */ = {
			isa = PBXGroup;
			children = (
				32C8326C256D6859001E8492 /* Assets.xcassets */,
				32C8326A256D6857001E8492 /* ContentView.swift */,
				32C83284256D7F63001E8492 /* EmailSignIn.swift */,
				32C83287256D8860001E8492 /* EmailSignUp.swift */,
				32C83281256D789D001E8492 /* GoogleService-Info.plist */,
				323BB0E4256DBFA20047EC08 /* HomeView.swift */,
				32C83271256D6859001E8492 /* Info.plist */,
				32C8326E256D6859001E8492 /* Preview Content */,
				32C83268256D6857001E8492 /* UserConnexionApp.swift */,
			);
			path = UserConnexion;
			sourceTree = "<group>";
		};
		32C8326E256D6859001E8492 /* Preview Content */ = {
			isa = PBXGroup;
			children = (
				32C8326F256D6859001E8492 /* Preview Assets.xcassets */,
			);
			path = "Preview Content";
			sourceTree = "<group>";
		};
/* End PBXGroup section */

/* Begin PBXNativeTarget section */
		32C83264256D6857001E8492 /* UserConnexion */ = {
			isa = PBXNativeTarget;
			buildConfigurationList = 32C83274256D6859001E8492 /* Build configuration list for PBXNativeTarget "UserConnexion" */;
			buildPhases = (
				32C83261256D6857001E8492 /* Sources */,
				32C83262256D6857001E8492 /* Frameworks */,
				32C83263256D6857001E8492 /* Resources */,
			);
			buildRules = (
			);
			dependencies = (
			);
			name = UserConnexion;
			packageProductDependencies = (
				32C83279256D76AD001E8492 /* FirebaseAuth */,
				32C8327B256D76AD001E8492 /* FirebaseAnalytics */,
				32C8327D256D76AD001E8492 /* FirebaseDatabase */,
			);
			productName = UserConnexion;
			productReference = 32C83265256D6857001E8492 /* UserConnexion.app */;
			productType = "com.apple.product-type.application";
		};
/* End PBXNativeTarget section */

/* Begin PBXProject section */
		32C8325D256D6857001E8492 /* Project object */ = {
			isa = PBXProject;
			attributes = {
				LastSwiftUpdateCheck = 1230;
				LastUpgradeCheck = 1230;
				TargetAttributes = {
					32C83264256D6857001E8492 = {
						CreatedOnToolsVersion = 12.3;
					};
				};
			};
			buildConfigurationList = 32C83260256D6857001E8492 /* Build configuration list for PBXProject "UserConnexion" */;
			compatibilityVersion = "Xcode 9.3";
			developmentRegion = en;
			hasScannedForEncodings = 0;
			knownRegions = (
				en,
				Base,
			);
			mainGroup = 32C8325C256D6857001E8492;
			packageReferences = (
				32C83278256D76AC001E8492 /* XCRemoteSwiftPackageReference "firebase-ios-sdk" */,
			);
			productRefGroup = 32C83266256D6857001E8492 /* Products */;
			projectDirPath = "";
			projectRoot = "";
			targets = (
				32C83264256D6857001E8492 /* UserConnexion */,
			);
		};
/* End PBXProject section */

/* Begin PBXResourcesBuildPhase section */
		32C83263256D6857001E8492 /* Resources */ = {
			isa = PBXResourcesBuildPhase;
			buildActionMask = 2147483647;
			files = (
				32C83270256D6859001E8492 /* Preview Assets.xcassets in Resources */,
				32C8326D256D6859001E8492 /* Assets.xcassets in Resources */,
				32C83282256D789D001E8492 /* GoogleService-Info.plist in Resources */,
			);
			runOnlyForDeploymentPostprocessing = 0;
		};
/* End PBXResourcesBuildPhase section */

/* Begin PBXSourcesBuildPhase section */
		32C83261256D6857001E8492 /* Sources */ = {
			isa = PBXSourcesBuildPhase;
			buildActionMask = 2147483647;
			files = (
				32C8326B256D6857001E8492 /* ContentView.swift in Sources */,
				32C83285256D7F63001E8492 /* EmailSignIn.swift in Sources */,
				32C83288256D8860001E8492 /* EmailSignUp.swift in Sources */,
				323BB0E5256DBFA20047EC08 /* HomeView.swift in Sources */,
				32C83269256D6857001E8492 /* UserConnexionApp.swift in Sources */,
			);
			runOnlyForDeploymentPostprocessing = 0;
		};
/* End PBXSourcesBuildPhase section */

/* Begin XCBuildConfiguration section */
		32C83272256D6859001E8492 /* Debug */ = {
			isa = XCBuildConfiguration;
			buildSettings = {
				ALWAYS_SEARCH_USER_PATHS = NO;
				CLANG_ANALYZER_NONNULL = YES;
				CLANG_ANALYZER_NUMBER_OBJECT_CONVERSION = YES_AGGRESSIVE;
				CLANG_CXX_LANGUAGE_STANDARD = "gnu++14";
				CLANG_CXX_LIBRARY = "libc++";
				CLANG_ENABLE_MODULES = YES;
				CLANG_ENABLE_OBJC_ARC = YES;
				CLANG_ENABLE_OBJC_WEAK = YES;
				CLANG_WARN_BLOCK_CAPTURE_AUTORELEASING = YES;
				CLANG_WARN_BOOL_CONVERSION = YES;
				CLANG_WARN_COMMA = YES;
				CLANG_WARN_CONSTANT_CONVERSION = YES;
				CLANG_WARN_DEPRECATED_OBJC_IMPLEMENTATIONS = YES;
				CLANG_WARN_DIRECT_OBJC_ISA_USAGE = YES_ERROR;
				CLANG_WARN_DOCUMENTATION_COMMENTS = YES;
				CLANG_WARN_EMPTY_BODY = YES;
				CLANG_WARN_ENUM_CONVERSION = YES;
				CLANG_WARN_INFINITE_RECURSION = YES;
				CLANG_WARN_INT_CONVERSION = YES;
				CLANG_WARN_NON_LITERAL_NULL_CONVERSION = YES;
				CLANG_WARN_OBJC_IMPLICIT_RETAIN_SELF = YES;
				CLANG_WARN_OBJC_LITERAL_CONVERSION = YES;
				CLANG_WARN_OBJC_ROOT_CLASS = YES_ERROR;
				CLANG_WARN_QUOTED_INCLUDE_IN_FRAMEWORK_HEADER = YES;
				CLANG_WARN_RANGE_LOOP_ANALYSIS = YES;
				CLANG_WARN_STRICT_PROTOTYPES = YES;
				CLANG_WARN_SUSPICIOUS_MOVE = YES;
				CLANG_WARN_UNGUARDED_AVAILABILITY = YES_AGGRESSIVE;
				CLANG_WARN_UNREACHABLE_CODE = YES;
				CLANG_WARN__DUPLICATE_METHOD_MATCH = YES;
				COPY_PHASE_STRIP = NO;
				DEBUG_INFORMATION_FORMAT = dwarf;
				ENABLE_STRICT_OBJC_MSGSEND = YES;
				ENABLE_TESTABILITY = YES;
				GCC_C_LANGUAGE_STANDARD = gnu11;
				GCC_DYNAMIC_NO_PIC = NO;
				GCC_NO_COMMON_BLOCKS = YES;
				GCC_OPTIMIZATION_LEVEL = 0;
				GCC_PREPROCESSOR_DEFINITIONS = (
					"DEBUG=1",
					"$(inherited)",
				);
				GCC_WARN_64_TO_32_BIT_CONVERSION = YES;
				GCC_WARN_ABOUT_RETURN_TYPE = YES_ERROR;
				GCC_WARN_UNDECLARED_SELECTOR = YES;
				GCC_WARN_UNINITIALIZED_AUTOS = YES_AGGRESSIVE;
				GCC_WARN_UNUSED_FUNCTION = YES;
				GCC_WARN_UNUSED_VARIABLE = YES;
				IPHONEOS_DEPLOYMENT_TARGET = 14.3;
				MTL_ENABLE_DEBUG_INFO = INCLUDE_SOURCE;
				MTL_FAST_MATH = YES;
				ONLY_ACTIVE_ARCH = YES;
				SDKROOT = iphoneos;
				SWIFT_ACTIVE_COMPILATION_CONDITIONS = DEBUG;
				SWIFT_OPTIMIZATION_LEVEL = "-Onone";
			};
			name = Debug;
		};
		32C83273256D6859001E8492 /* Release */ = {
			isa = XCBuildConfiguration;
			buildSettings = {
				ALWAYS_SEARCH_USER_PATHS = NO;
				CLANG_ANALYZER_NONNULL = YES;
				CLANG_ANALYZER_NUMBER_OBJECT_CONVERSION = YES_AGGRESSIVE;
				CLANG_CXX_LANGUAGE_STANDARD = "gnu++14";
				CLANG_CXX_LIBRARY = "libc++";
				CLANG_ENABLE_MODULES = YES;
				CLANG_ENABLE_OBJC_ARC = YES;
				CLANG_ENABLE_OBJC_WEAK = YES;
				CLANG_WARN_BLOCK_CAPTURE_AUTORELEASING = YES;
				CLANG_WARN_BOOL_CONVERSION = YES;
				CLANG_WARN_COMMA = YES;
				CLANG_WARN_CONSTANT_CONVERSION = YES;
				CLANG_WARN_DEPRECATED_OBJC_IMPLEMENTATIONS = YES;
				CLANG_WARN_DIRECT_OBJC_ISA_USAGE = YES_ERROR;
				CLANG_WARN_DOCUMENTATION_COMMENTS = YES;
				CLANG_WARN_EMPTY_BODY = YES;
				CLANG_WARN_ENUM_CONVERSION = YES;
				CLANG_WARN_INFINITE_RECURSION = YES;
				CLANG_WARN_INT_CONVERSION = YES;
				CLANG_WARN_NON_LITERAL_NULL_CONVERSION = YES;
				CLANG_WARN_OBJC_IMPLICIT_RETAIN_SELF = YES;
				CLANG_WARN_OBJC_LITERAL_CONVERSION = YES;
				CLANG_WARN_OBJC_ROOT_CLASS = YES_ERROR;
				CLANG_WARN_QUOTED_INCLUDE_IN_FRAMEWORK_HEADER = YES;
				CLANG_WARN_RANGE_LOOP_ANALYSIS = YES;
				CLANG_WARN_STRICT_PROTOTYPES = YES;
				CLANG_WARN_SUSPICIOUS_MOVE = YES;
				CLANG_WARN_UNGUARDED_AVAILABILITY = YES_AGGRESSIVE;
				CLANG_WARN_UNREACHABLE_CODE = YES;
				CLANG_WARN__DUPLICATE_METHOD_MATCH = YES;
				COPY_PHASE_STRIP = NO;
				DEBUG_INFORMATION_FORMAT = "dwarf-with-dsym";
				ENABLE_NS_ASSERTIONS = NO;
				ENABLE_STRICT_OBJC_MSGSEND = YES;
				GCC_C_LANGUAGE_STANDARD = gnu11;
				GCC_NO_COMMON_BLOCKS = YES;
				GCC_WARN_64_TO_32_BIT_CONVERSION = YES;
				GCC_WARN_ABOUT_RETURN_TYPE = YES_ERROR;
				GCC_WARN_UNDECLARED_SELECTOR = YES;
				GCC_WARN_UNINITIALIZED_AUTOS = YES_AGGRESSIVE;
				GCC_WARN_UNUSED_FUNCTION = YES;
				GCC_WARN_UNUSED_VARIABLE = YES;
				IPHONEOS_DEPLOYMENT_TARGET = 14.3;
				MTL_ENABLE_DEBUG_INFO = NO;
				MTL_FAST_MATH = YES;
				SDKROOT = iphoneos;
				SWIFT_COMPILATION_MODE = wholemodule;
				SWIFT_OPTIMIZATION_LEVEL = "-O";
				VALIDATE_PRODUCT = YES;
			};
			name = Release;
		};
		32C83275256D6859001E8492 /* Debug */ = {
			isa = XCBuildConfiguration;
			buildSettings = {
				ASSETCATALOG_COMPILER_APPICON_NAME = AppIcon;
				ASSETCATALOG_COMPILER_GLOBAL_ACCENT_COLOR_NAME = AccentColor;
				CODE_SIGN_STYLE = Automatic;
				DEVELOPMENT_ASSET_PATHS = "\"UserConnexion/Preview Content\"";
				DEVELOPMENT_TEAM = 5489B53R2Y;
				ENABLE_PREVIEWS = YES;
				INFOPLIST_FILE = UserConnexion/Info.plist;
				IPHONEOS_DEPLOYMENT_TARGET = 14.0;
				LD_RUNPATH_SEARCH_PATHS = (
					"$(inherited)",
					"@executable_path/Frameworks",
				);
				OTHER_LDFLAGS = "-OcjC";
				PRODUCT_BUNDLE_IDENTIFIER = com.ezcorp.UserConnexion;
				PRODUCT_NAME = "$(TARGET_NAME)";
				SWIFT_VERSION = 5.0;
				TARGETED_DEVICE_FAMILY = "1,2";
			};
			name = Debug;
		};
		32C83276256D6859001E8492 /* Release */ = {
			isa = XCBuildConfiguration;
			buildSettings = {
				ASSETCATALOG_COMPILER_APPICON_NAME = AppIcon;
				ASSETCATALOG_COMPILER_GLOBAL_ACCENT_COLOR_NAME = AccentColor;
				CODE_SIGN_STYLE = Automatic;
				DEVELOPMENT_ASSET_PATHS = "\"UserConnexion/Preview Content\"";
				DEVELOPMENT_TEAM = 5489B53R2Y;
				ENABLE_PREVIEWS = YES;
				INFOPLIST_FILE = UserConnexion/Info.plist;
				IPHONEOS_DEPLOYMENT_TARGET = 14.0;
				LD_RUNPATH_SEARCH_PATHS = (
					"$(inherited)",
					"@executable_path/Frameworks",
				);
				OTHER_LDFLAGS = "-OcjC";
				PRODUCT_BUNDLE_IDENTIFIER = com.ezcorp.UserConnexion;
				PRODUCT_NAME = "$(TARGET_NAME)";
				SWIFT_VERSION = 5.0;
				TARGETED_DEVICE_FAMILY = "1,2";
			};
			name = Release;
		};
/* End XCBuildConfiguration section */

/* Begin XCConfigurationList section */
		32C83260256D6857001E8492 /* Build configuration list for PBXProject "UserConnexion" */ = {
			isa = XCConfigurationList;
			buildConfigurations = (
				32C83272256D6859001E8492 /* Debug */,
				32C83273256D6859001E8492 /* Release */,
			);
			defaultConfigurationIsVisible = 0;
			defaultConfigurationName = Release;
		};
		32C83274256D6859001E8492 /* Build configuration list for PBXNativeTarget "UserConnexion" */ = {
			isa = XCConfigurationList;
			buildConfigurations = (
				32C83275256D6859001E8492 /* Debug */,
				32C83276256D6859001E8492 /* Release */,
			);
			defaultConfigurationIsVisible = 0;
			defaultConfigurationName = Release;
		};
/* End XCConfigurationList section */

/* Begin XCRemoteSwiftPackageReference section */
		32C83278256D76AC001E8492 /* XCRemoteSwiftPackageReference "firebase-ios-sdk" */ = {
			isa = XCRemoteSwiftPackageReference;
			repositoryURL = "https://github.com/firebase/firebase-ios-sdk.git";
			requirement = {
				branch = "7.0-spm-beta";
				kind = branch;
			};
		};
/* End XCRemoteSwiftPackageReference section */

/* Begin XCSwiftPackageProductDependency section */
		32C83279256D76AD001E8492 /* FirebaseAuth */ = {
			isa = XCSwiftPackageProductDependency;
			package = 32C83278256D76AC001E8492 /* XCRemoteSwiftPackageReference "firebase-ios-sdk" */;
			productName = FirebaseAuth;
		};
		32C8327B256D76AD001E8492 /* FirebaseAnalytics */ = {
			isa = XCSwiftPackageProductDependency;
			package = 32C83278256D76AC001E8492 /* XCRemoteSwiftPackageReference "firebase-ios-sdk" */;
			productName = FirebaseAnalytics;
		};
		32C8327D256D76AD001E8492 /* FirebaseDatabase */ = {
			isa = XCSwiftPackageProductDependency;
			package = 32C83278256D76AC001E8492 /* XCRemoteSwiftPackageReference "firebase-ios-sdk" */;
			productName = FirebaseDatabase;
		};
/* End XCSwiftPackageProductDependency section */
	};
	rootObject = 32C8325D256D6857001E8492 /* Project object */;
}
